
Microsoft Visual Studio Solution File, Format Version 12.00
# Visual Studio Version 17
VisualStudioVersion = 17.0.31903.59
MinimumVisualStudioVersion = 10.0.40219.1
Project("{9A19103F-16F7-4668-BE54-9A1E7A4F7556}") = "SLAMobileApi", "SLAMobileApi.csproj", "{7BB5B8D8-DB7E-401B-9A28-42DB7501E9DF}"
EndProject
Global
	GlobalSection(SolutionConfigurationPlatforms) = preSolution
		Debug|Any CPU = Debug|Any CPU
		Release|Any CPU = Release|Any CPU
	EndGlobalSection
	GlobalSection(ProjectConfigurationPlatforms) = postSolution
		{7BB5B8D8-DB7E-401B-9A28-42DB7501E9DF}.Debug|Any CPU.ActiveCfg = Debug|Any CPU
		{7BB5B8D8-DB7E-401B-9A28-42DB7501E9DF}.Debug|Any CPU.Build.0 = Debug|Any CPU
		{7BB5B8D8-DB7E-401B-9A28-42DB7501E9DF}.Release|Any CPU.ActiveCfg = Release|Any CPU
		{7BB5B8D8-DB7E-401B-9A28-42DB7501E9DF}.Release|Any CPU.Build.0 = Release|Any CPU
	EndGlobalSection
	GlobalSection(SolutionProperties) = preSolution
		HideSolutionNode = FALSE
	EndGlobalSection
	GlobalSection(ExtensibilityGlobals) = postSolution
		SolutionGuid = {41012D3C-86AC-40F5-895C-15583D184981}
	EndGlobalSection
EndGlobal
